
Microsoft Visual Studio Solution File, Format Version 12.00
# Visual Studio 15
VisualStudioVersion = 15.0.27130.2024
MinimumVisualStudioVersion = 10.0.40219.1
Project("{FAE04EC0-301F-11D3-BF4B-00C04F79EFBC}") = "SpeedUnitAnnex", "SpeedUnitAnnex\SpeedUnitAnnex.csproj", "{760AEC5B-AEE9-486E-AA10-C29EF2A91C8E}"
EndProject
Project("{2150E333-8FDC-42A3-9474-1A3956D46DE8}") = "Solution Items", "Solution Items", "{F5760BB4-1567-4ECD-AE9A-BCC1115CE4B1}"
	ProjectSection(SolutionItems) = preProject
		buildDeploy.bat = buildDeploy.bat
		buildRelease.bat = buildRelease.bat
		GameData\SpeedUnitAnnex\localization\de.cfg = GameData\SpeedUnitAnnex\localization\de.cfg
		GameData\SpeedUnitAnnex\localization\en-us.cfg = GameData\SpeedUnitAnnex\localization\en-us.cfg
		README.md = README.md
		GameData\SpeedUnitAnnex\localization\ru.cfg = GameData\SpeedUnitAnnex\localization\ru.cfg
		SpeedUnitAnnex.version = SpeedUnitAnnex.version
	EndProjectSection
EndProject
Global
	GlobalSection(SolutionConfigurationPlatforms) = preSolution
		Debug|Any CPU = Debug|Any CPU
		Release|Any CPU = Release|Any CPU
	EndGlobalSection
	GlobalSection(ProjectConfigurationPlatforms) = postSolution
		{760AEC5B-AEE9-486E-AA10-C29EF2A91C8E}.Debug|Any CPU.ActiveCfg = Debug|Any CPU
		{760AEC5B-AEE9-486E-AA10-C29EF2A91C8E}.Debug|Any CPU.Build.0 = Debug|Any CPU
		{760AEC5B-AEE9-486E-AA10-C29EF2A91C8E}.Release|Any CPU.ActiveCfg = Release|Any CPU
		{760AEC5B-AEE9-486E-AA10-C29EF2A91C8E}.Release|Any CPU.Build.0 = Release|Any CPU
	EndGlobalSection
	GlobalSection(SolutionProperties) = preSolution
		HideSolutionNode = FALSE
	EndGlobalSection
	GlobalSection(ExtensibilityGlobals) = postSolution
		SolutionGuid = {77FA98CD-3C07-47F5-98C4-A2CC493AEC29}
	EndGlobalSection
	GlobalSection(MonoDevelopProperties) = preSolution
		StartupItem = SpeedUnitAnnex\SpeedUnitAnnex.csproj
	EndGlobalSection
EndGlobal
